
Microsoft Visual Studio Solution File, Format Version 12.00
# Visual Studio Version 17
VisualStudioVersion = 17.9.34701.34
MinimumVisualStudioVersion = 10.0.40219.1
Project("{FAE04EC0-301F-11D3-BF4B-00C04F79EFBC}") = "LibraryDomain", "LibraryDomain\LibraryDomain.csproj", "{0D9AE9FA-378F-4143-9DBC-E2B955E7A8DF}"
EndProject
Project("{FAE04EC0-301F-11D3-BF4B-00C04F79EFBC}") = "LibraryInfrastructure", "LibraryInfrastructure\LibraryInfrastructure.csproj", "{D56DC8A3-8751-4178-B19E-50B676E657D8}"
EndProject
Global
	GlobalSection(SolutionConfigurationPlatforms) = preSolution
		Debug|Any CPU = Debug|Any CPU
		Release|Any CPU = Release|Any CPU
	EndGlobalSection
	GlobalSection(ProjectConfigurationPlatforms) = postSolution
		{0D9AE9FA-378F-4143-9DBC-E2B955E7A8DF}.Debug|Any CPU.ActiveCfg = Debug|Any CPU
		{0D9AE9FA-378F-4143-9DBC-E2B955E7A8DF}.Debug|Any CPU.Build.0 = Debug|Any CPU
		{0D9AE9FA-378F-4143-9DBC-E2B955E7A8DF}.Release|Any CPU.ActiveCfg = Release|Any CPU
		{0D9AE9FA-378F-4143-9DBC-E2B955E7A8DF}.Release|Any CPU.Build.0 = Release|Any CPU
		{D56DC8A3-8751-4178-B19E-50B676E657D8}.Debug|Any CPU.ActiveCfg = Debug|Any CPU
		{D56DC8A3-8751-4178-B19E-50B676E657D8}.Debug|Any CPU.Build.0 = Debug|Any CPU
		{D56DC8A3-8751-4178-B19E-50B676E657D8}.Release|Any CPU.ActiveCfg = Release|Any CPU
		{D56DC8A3-8751-4178-B19E-50B676E657D8}.Release|Any CPU.Build.0 = Release|Any CPU
	EndGlobalSection
	GlobalSection(SolutionProperties) = preSolution
		HideSolutionNode = FALSE
	EndGlobalSection
	GlobalSection(ExtensibilityGlobals) = postSolution
		SolutionGuid = {3EE6B607-BDDD-47DE-BDEA-1B3E16F122CF}
	EndGlobalSection
EndGlobal
